
Microsoft Visual Studio Solution File, Format Version 12.00
# Visual Studio Version 17
VisualStudioVersion = 17.8.34525.116
MinimumVisualStudioVersion = 10.0.40219.1
Project("{FAE04EC0-301F-11D3-BF4B-00C04F79EFBC}") = "Dinglemouse", "Dinglemouse.csproj", "{DEE62ACF-41ED-4903-A6CF-3C6D69E4791B}"
EndProject
Global
	GlobalSection(SolutionConfigurationPlatforms) = preSolution
		Debug|Any CPU = Debug|Any CPU
		Release|Any CPU = Release|Any CPU
	EndGlobalSection
	GlobalSection(ProjectConfigurationPlatforms) = postSolution
		{DEE62ACF-41ED-4903-A6CF-3C6D69E4791B}.Debug|Any CPU.ActiveCfg = Debug|Any CPU
		{DEE62ACF-41ED-4903-A6CF-3C6D69E4791B}.Debug|Any CPU.Build.0 = Debug|Any CPU
		{DEE62ACF-41ED-4903-A6CF-3C6D69E4791B}.Release|Any CPU.ActiveCfg = Release|Any CPU
		{DEE62ACF-41ED-4903-A6CF-3C6D69E4791B}.Release|Any CPU.Build.0 = Release|Any CPU
	EndGlobalSection
	GlobalSection(SolutionProperties) = preSolution
		HideSolutionNode = FALSE
	EndGlobalSection
	GlobalSection(ExtensibilityGlobals) = postSolution
		SolutionGuid = {46B7D8C1-CAC5-4015-9536-36545F3CCAEF}
	EndGlobalSection
EndGlobal
