
Microsoft Visual Studio Solution File, Format Version 12.00
# Visual Studio Version 17
VisualStudioVersion = 17.8.34525.116
MinimumVisualStudioVersion = 10.0.40219.1
Project("{FAE04EC0-301F-11D3-BF4B-00C04F79EFBC}") = "ListTask", "ListTask.csproj", "{B8FCC009-1558-4229-962E-23D445827A6E}"
EndProject
Global
	GlobalSection(SolutionConfigurationPlatforms) = preSolution
		Debug|Any CPU = Debug|Any CPU
		Release|Any CPU = Release|Any CPU
	EndGlobalSection
	GlobalSection(ProjectConfigurationPlatforms) = postSolution
		{B8FCC009-1558-4229-962E-23D445827A6E}.Debug|Any CPU.ActiveCfg = Debug|Any CPU
		{B8FCC009-1558-4229-962E-23D445827A6E}.Debug|Any CPU.Build.0 = Debug|Any CPU
		{B8FCC009-1558-4229-962E-23D445827A6E}.Release|Any CPU.ActiveCfg = Release|Any CPU
		{B8FCC009-1558-4229-962E-23D445827A6E}.Release|Any CPU.Build.0 = Release|Any CPU
	EndGlobalSection
	GlobalSection(SolutionProperties) = preSolution
		HideSolutionNode = FALSE
	EndGlobalSection
	GlobalSection(ExtensibilityGlobals) = postSolution
		SolutionGuid = {7E18DDE7-90B1-4FC4-8871-C2D357304561}
	EndGlobalSection
EndGlobal
